
Microsoft Visual Studio Solution File, Format Version 12.00
# Visual Studio Version 17
VisualStudioVersion = 17.4.33403.182
MinimumVisualStudioVersion = 10.0.40219.1
Project("{FAE04EC0-301F-11D3-BF4B-00C04F79EFBC}") = "Pizza.Server", "Pizza\Server\Pizza.Server.csproj", "{62DAC61C-F3C6-43B7-A135-8E068D87F298}"
EndProject
Project("{FAE04EC0-301F-11D3-BF4B-00C04F79EFBC}") = "Pizza.Client", "Pizza\Client\Pizza.Client.csproj", "{79494D8D-B51F-47B2-B735-F6BAEE363B2E}"
EndProject
Project("{FAE04EC0-301F-11D3-BF4B-00C04F79EFBC}") = "Pizza.Shared", "Pizza\Shared\Pizza.Shared.csproj", "{86623ED0-74E9-4944-BE80-C69E1CFB0996}"
EndProject
Global
	GlobalSection(SolutionConfigurationPlatforms) = preSolution
		Debug|Any CPU = Debug|Any CPU
		Release|Any CPU = Release|Any CPU
	EndGlobalSection
	GlobalSection(ProjectConfigurationPlatforms) = postSolution
		{62DAC61C-F3C6-43B7-A135-8E068D87F298}.Debug|Any CPU.ActiveCfg = Debug|Any CPU
		{62DAC61C-F3C6-43B7-A135-8E068D87F298}.Debug|Any CPU.Build.0 = Debug|Any CPU
		{62DAC61C-F3C6-43B7-A135-8E068D87F298}.Release|Any CPU.ActiveCfg = Release|Any CPU
		{62DAC61C-F3C6-43B7-A135-8E068D87F298}.Release|Any CPU.Build.0 = Release|Any CPU
		{79494D8D-B51F-47B2-B735-F6BAEE363B2E}.Debug|Any CPU.ActiveCfg = Debug|Any CPU
		{79494D8D-B51F-47B2-B735-F6BAEE363B2E}.Debug|Any CPU.Build.0 = Debug|Any CPU
		{79494D8D-B51F-47B2-B735-F6BAEE363B2E}.Release|Any CPU.ActiveCfg = Release|Any CPU
		{79494D8D-B51F-47B2-B735-F6BAEE363B2E}.Release|Any CPU.Build.0 = Release|Any CPU
		{86623ED0-74E9-4944-BE80-C69E1CFB0996}.Debug|Any CPU.ActiveCfg = Debug|Any CPU
		{86623ED0-74E9-4944-BE80-C69E1CFB0996}.Debug|Any CPU.Build.0 = Debug|Any CPU
		{86623ED0-74E9-4944-BE80-C69E1CFB0996}.Release|Any CPU.ActiveCfg = Release|Any CPU
		{86623ED0-74E9-4944-BE80-C69E1CFB0996}.Release|Any CPU.Build.0 = Release|Any CPU
	EndGlobalSection
	GlobalSection(SolutionProperties) = preSolution
		HideSolutionNode = FALSE
	EndGlobalSection
	GlobalSection(ExtensibilityGlobals) = postSolution
		SolutionGuid = {83613B7B-9561-47AC-9160-C15A30511BC8}
	EndGlobalSection
EndGlobal
